// !$*UTF8*$!
{
	archiveVersion = 1;
	classes = {
	};
	objectVersion = 46;
	objects = {

/* Begin PBXBuildFile section */
		1458836D16A992D400B01E5C /* Foundation.framework in Frameworks */ = {isa = PBXBuildFile; fileRef = 1458836C16A992D400B01E5C /* Foundation.framework */; };
		1458837216A992D400B01E5C /* TestBKit.h in CopyFiles */ = {isa = PBXBuildFile; fileRef = 1458837116A992D400B01E5C /* TestBKit.h */; };
		145883FE16A9944B00B01E5C /* BWidget.m in Sources */ = {isa = PBXBuildFile; fileRef = 145883FD16A9944B00B01E5C /* BWidget.m */; };
		1458840016A9947B00B01E5C /* TestBKit.h in Headers */ = {isa = PBXBuildFile; fileRef = 1458837116A992D400B01E5C /* TestBKit.h */; settings = {ATTRIBUTES = (Public, ); }; };
		1458840116A9947B00B01E5C /* BWidget.h in Headers */ = {isa = PBXBuildFile; fileRef = 145883FC16A9944B00B01E5C /* BWidget.h */; settings = {ATTRIBUTES = (Public, ); }; };
/* End PBXBuildFile section */

/* Begin PBXCopyFilesBuildPhase section */
		1458836716A992D400B01E5C /* CopyFiles */ = {
			isa = PBXCopyFilesBuildPhase;
			buildActionMask = 2147483647;
			dstPath = "include/${PRODUCT_NAME}";
			dstSubfolderSpec = 16;
			files = (
				1458837216A992D400B01E5C /* TestBKit.h in CopyFiles */,
			);
			runOnlyForDeploymentPostprocessing = 0;
		};
/* End PBXCopyFilesBuildPhase section */

/* Begin PBXFileReference section */
		1458836916A992D400B01E5C /* libTestBKit.a */ = {isa = PBXFileReference; explicitFileType = archive.ar; includeInIndex = 0; path = libTestBKit.a; sourceTree = BUILT_PRODUCTS_DIR; };
		1458836C16A992D400B01E5C /* Foundation.framework */ = {isa = PBXFileReference; lastKnownFileType = wrapper.framework; name = Foundation.framework; path = System/Library/Frameworks/Foundation.framework; sourceTree = SDKROOT; };
		1458837016A992D400B01E5C /* TestBKit-Prefix.pch */ = {isa = PBXFileReference; lastKnownFileType = sourcecode.c.h; path = "TestBKit-Prefix.pch"; sourceTree = "<group>"; };
		1458837116A992D400B01E5C /* TestBKit.h */ = {isa = PBXFileReference; lastKnownFileType = sourcecode.c.h; path = TestBKit.h; sourceTree = "<group>"; };
		145883FC16A9944B00B01E5C /* BWidget.h */ = {isa = PBXFileReference; fileEncoding = 4; lastKnownFileType = sourcecode.c.h; path = BWidget.h; sourceTree = "<group>"; };
		145883FD16A9944B00B01E5C /* BWidget.m */ = {isa = PBXFileReference; fileEncoding = 4; lastKnownFileType = sourcecode.c.objc; path = BWidget.m; sourceTree = "<group>"; };
/* End PBXFileReference section */

/* Begin PBXFrameworksBuildPhase section */
		1458836616A992D400B01E5C /* Frameworks */ = {
			isa = PBXFrameworksBuildPhase;
			buildActionMask = 2147483647;
			files = (
				1458836D16A992D400B01E5C /* Foundation.framework in Frameworks */,
			);
			runOnlyForDeploymentPostprocessing = 0;
		};
/* End PBXFrameworksBuildPhase section */

/* Begin PBXGroup section */
		1458835E16A992D400B01E5C = {
			isa = PBXGroup;
			children = (
				1458836E16A992D400B01E5C /* TestBKit */,
				1458836B16A992D400B01E5C /* Frameworks */,
				1458836A16A992D400B01E5C /* Products */,
			);
			sourceTree = "<group>";
		};
		1458836A16A992D400B01E5C /* Products */ = {
			isa = PBXGroup;
			children = (
				1458836916A992D400B01E5C /* libTestBKit.a */,
			);
			name = Products;
			sourceTree = "<group>";
		};
		1458836B16A992D400B01E5C /* Frameworks */ = {
			isa = PBXGroup;
			children = (
				1458836C16A992D400B01E5C /* Foundation.framework */,
			);
			name = Frameworks;
			sourceTree = "<group>";
		};
		1458836E16A992D400B01E5C /* TestBKit */ = {
			isa = PBXGroup;
			children = (
				1458837116A992D400B01E5C /* TestBKit.h */,
				145883FC16A9944B00B01E5C /* BWidget.h */,
				145883FD16A9944B00B01E5C /* BWidget.m */,
				1458836F16A992D400B01E5C /* Supporting Files */,
			);
			path = TestBKit;
			sourceTree = "<group>";
		};
		1458836F16A992D400B01E5C /* Supporting Files */ = {
			isa = PBXGroup;
			children = (
				1458837016A992D400B01E5C /* TestBKit-Prefix.pch */,
			);
			name = "Supporting Files";
			sourceTree = "<group>";
		};
/* End PBXGroup section */

/* Begin PBXHeadersBuildPhase section */
		145883FF16A9947200B01E5C /* Headers */ = {
			isa = PBXHeadersBuildPhase;
			buildActionMask = 2147483647;
			files = (
				1458840016A9947B00B01E5C /* TestBKit.h in Headers */,
				1458840116A9947B00B01E5C /* BWidget.h in Headers */,
			);
			runOnlyForDeploymentPostprocessing = 0;
		};
/* End PBXHeadersBuildPhase section */

/* Begin PBXNativeTarget section */
		1458836816A992D400B01E5C /* TestBKit */ = {
			isa = PBXNativeTarget;
			buildConfigurationList = 1458837716A992D400B01E5C /* Build configuration list for PBXNativeTarget "TestBKit" */;
			buildPhases = (
				1458836516A992D400B01E5C /* Sources */,
				1458836616A992D400B01E5C /* Frameworks */,
				1458836716A992D400B01E5C /* CopyFiles */,
				145883FF16A9947200B01E5C /* Headers */,
			);
			buildRules = (
			);
			dependencies = (
			);
			name = TestBKit;
			productName = TestBKit;
			productReference = 1458836916A992D400B01E5C /* libTestBKit.a */;
			productType = "com.apple.product-type.library.static";
		};
/* End PBXNativeTarget section */

/* Begin PBXProject section */
		1458836016A992D400B01E5C /* Project object */ = {
			isa = PBXProject;
			attributes = {
				LastUpgradeCheck = 0450;
				ORGANIZATIONNAME = "Super Duper Publications";
			};
			buildConfigurationList = 1458836316A992D400B01E5C /* Build configuration list for PBXProject "TestBKit" */;
			compatibilityVersion = "Xcode 3.2";
			developmentRegion = English;
			hasScannedForEncodings = 0;
			knownRegions = (
				en,
			);
			mainGroup = 1458835E16A992D400B01E5C;
			productRefGroup = 1458836A16A992D400B01E5C /* Products */;
			projectDirPath = "";
			projectRoot = "";
			targets = (
				1458836816A992D400B01E5C /* TestBKit */,
			);
		};
/* End PBXProject section */

/* Begin PBXSourcesBuildPhase section */
		1458836516A992D400B01E5C /* Sources */ = {
			isa = PBXSourcesBuildPhase;
			buildActionMask = 2147483647;
			files = (
				145883FE16A9944B00B01E5C /* BWidget.m in Sources */,
			);
			runOnlyForDeploymentPostprocessing = 0;
		};
/* End PBXSourcesBuildPhase section */

/* Begin XCBuildConfiguration section */
		1458837516A992D400B01E5C /* Debug */ = {
			isa = XCBuildConfiguration;
			buildSettings = {
				ALWAYS_SEARCH_USER_PATHS = NO;
				CLANG_CXX_LANGUAGE_STANDARD = "gnu++0x";
				CLANG_CXX_LIBRARY = "libc++";
				CLANG_ENABLE_OBJC_ARC = YES;
				CLANG_WARN_EMPTY_BODY = YES;
				CLANG_WARN__DUPLICATE_METHOD_MATCH = YES;
				COPY_PHASE_STRIP = NO;
				GCC_C_LANGUAGE_STANDARD = gnu99;
				GCC_DYNAMIC_NO_PIC = NO;
				GCC_OPTIMIZATION_LEVEL = 0;
				GCC_PREPROCESSOR_DEFINITIONS = (
					"DEBUG=1",
					"$(inherited)",
				);
				GCC_SYMBOLS_PRIVATE_EXTERN = NO;
				GCC_WARN_ABOUT_RETURN_TYPE = YES;
				GCC_WARN_UNINITIALIZED_AUTOS = YES;
				GCC_WARN_UNUSED_VARIABLE = YES;
				IPHONEOS_DEPLOYMENT_TARGET = 6.0;
				ONLY_ACTIVE_ARCH = YES;
				SDKROOT = iphoneos;
			};
			name = Debug;
		};
		1458837616A992D400B01E5C /* Release */ = {
			isa = XCBuildConfiguration;
			buildSettings = {
				ALWAYS_SEARCH_USER_PATHS = NO;
				CLANG_CXX_LANGUAGE_STANDARD = "gnu++0x";
				CLANG_CXX_LIBRARY = "libc++";
				CLANG_ENABLE_OBJC_ARC = YES;
				CLANG_WARN_EMPTY_BODY = YES;
				CLANG_WARN__DUPLICATE_METHOD_MATCH = YES;
				COPY_PHASE_STRIP = YES;
				GCC_C_LANGUAGE_STANDARD = gnu99;
				GCC_WARN_ABOUT_RETURN_TYPE = YES;
				GCC_WARN_UNINITIALIZED_AUTOS = YES;
				GCC_WARN_UNUSED_VARIABLE = YES;
				IPHONEOS_DEPLOYMENT_TARGET = 6.0;
				SDKROOT = iphoneos;
				VALIDATE_PRODUCT = YES;
			};
			name = Release;
		};
		1458837816A992D400B01E5C /* Debug */ = {
			isa = XCBuildConfiguration;
			buildSettings = {
				ALWAYS_SEARCH_USER_PATHS = YES;
				DSTROOT = /tmp/TestBKit.dst;
				GCC_PRECOMPILE_PREFIX_HEADER = YES;
				GCC_PREFIX_HEADER = "TestBKit/TestBKit-Prefix.pch";
				OTHER_LDFLAGS = "-ObjC";
				PRODUCT_NAME = "$(TARGET_NAME)";
				PUBLIC_HEADERS_FOLDER_PATH = "$(BUILT_PRODUCTS_DIR)";
				SKIP_INSTALL = YES;
				USER_HEADER_SEARCH_PATHS = "$(BUILT_PRODUCTS_DIR)/**";
			};
			name = Debug;
		};
		1458837916A992D400B01E5C /* Release */ = {
			isa = XCBuildConfiguration;
			buildSettings = {
				ALWAYS_SEARCH_USER_PATHS = YES;
				DSTROOT = /tmp/TestBKit.dst;
				GCC_PRECOMPILE_PREFIX_HEADER = YES;
				GCC_PREFIX_HEADER = "TestBKit/TestBKit-Prefix.pch";
				OTHER_LDFLAGS = "-ObjC";
				PRODUCT_NAME = "$(TARGET_NAME)";
				PUBLIC_HEADERS_FOLDER_PATH = "$(BUILT_PRODUCTS_DIR)";
				SKIP_INSTALL = YES;
				USER_HEADER_SEARCH_PATHS = "$(BUILT_PRODUCTS_DIR)/**";
			};
			name = Release;
		};
/* End XCBuildConfiguration section */

/* Begin XCConfigurationList section */
		1458836316A992D400B01E5C /* Build configuration list for PBXProject "TestBKit" */ = {
			isa = XCConfigurationList;
			buildConfigurations = (
				1458837516A992D400B01E5C /* Debug */,
				1458837616A992D400B01E5C /* Release */,
			);
			defaultConfigurationIsVisible = 0;
			defaultConfigurationName = Release;
		};
		1458837716A992D400B01E5C /* Build configuration list for PBXNativeTarget "TestBKit" */ = {
			isa = XCConfigurationList;
			buildConfigurations = (
				1458837816A992D400B01E5C /* Debug */,
				1458837916A992D400B01E5C /* Release */,
			);
			defaultConfigurationIsVisible = 0;
			defaultConfigurationName = Release;
		};
/* End XCConfigurationList section */
	};
	rootObject = 1458836016A992D400B01E5C /* Project object */;
}
